
Microsoft Visual Studio Solution File, Format Version 12.00
# Visual Studio Version 17
VisualStudioVersion = 17.3.32901.215
MinimumVisualStudioVersion = 10.0.40219.1
Project("{FAE04EC0-301F-11D3-BF4B-00C04F79EFBC}") = "ClassLibrary15", "ClassLibrary15\ClassLibrary15.csproj", "{ACECE5B5-05A2-4CF4-899E-8B0A27F3CF3A}"
EndProject
Global
	GlobalSection(SolutionConfigurationPlatforms) = preSolution
		Debug|Any CPU = Debug|Any CPU
		Release|Any CPU = Release|Any CPU
	EndGlobalSection
	GlobalSection(ProjectConfigurationPlatforms) = postSolution
		{ACECE5B5-05A2-4CF4-899E-8B0A27F3CF3A}.Debug|Any CPU.ActiveCfg = Debug|Any CPU
		{ACECE5B5-05A2-4CF4-899E-8B0A27F3CF3A}.Debug|Any CPU.Build.0 = Debug|Any CPU
		{ACECE5B5-05A2-4CF4-899E-8B0A27F3CF3A}.Release|Any CPU.ActiveCfg = Release|Any CPU
		{ACECE5B5-05A2-4CF4-899E-8B0A27F3CF3A}.Release|Any CPU.Build.0 = Release|Any CPU
	EndGlobalSection
	GlobalSection(SolutionProperties) = preSolution
		HideSolutionNode = FALSE
	EndGlobalSection
	GlobalSection(ExtensibilityGlobals) = postSolution
		SolutionGuid = {26077636-A280-44DE-8D54-1C0B2746801B}
	EndGlobalSection
EndGlobal
