
Microsoft Visual Studio Solution File, Format Version 12.00
# Visual Studio Version 17
VisualStudioVersion = 17.3.32901.215
MinimumVisualStudioVersion = 10.0.40219.1
Project("{FAE04EC0-301F-11D3-BF4B-00C04F79EFBC}") = "14LAB", "14LAB\14LAB.csproj", "{FA2608A3-8C84-4ED9-90D6-E5EBC425DEE2}"
EndProject
Global
	GlobalSection(SolutionConfigurationPlatforms) = preSolution
		Debug|Any CPU = Debug|Any CPU
		Release|Any CPU = Release|Any CPU
	EndGlobalSection
	GlobalSection(ProjectConfigurationPlatforms) = postSolution
		{FA2608A3-8C84-4ED9-90D6-E5EBC425DEE2}.Debug|Any CPU.ActiveCfg = Debug|Any CPU
		{FA2608A3-8C84-4ED9-90D6-E5EBC425DEE2}.Debug|Any CPU.Build.0 = Debug|Any CPU
		{FA2608A3-8C84-4ED9-90D6-E5EBC425DEE2}.Release|Any CPU.ActiveCfg = Release|Any CPU
		{FA2608A3-8C84-4ED9-90D6-E5EBC425DEE2}.Release|Any CPU.Build.0 = Release|Any CPU
	EndGlobalSection
	GlobalSection(SolutionProperties) = preSolution
		HideSolutionNode = FALSE
	EndGlobalSection
	GlobalSection(ExtensibilityGlobals) = postSolution
		SolutionGuid = {D5B4F498-D21D-4D79-B75E-390F8991D801}
	EndGlobalSection
EndGlobal
